
Microsoft Visual Studio Solution File, Format Version 12.00
# Visual Studio Version 17
VisualStudioVersion = 17.9.34714.143
MinimumVisualStudioVersion = 10.0.40219.1
Project("{FAE04EC0-301F-11D3-BF4B-00C04F79EFBC}") = "InsertionSort", "InsertionSort\InsertionSort.csproj", "{576BFA9F-2EEA-4A1E-9DBA-8856F13B6556}"
EndProject
Global
	GlobalSection(SolutionConfigurationPlatforms) = preSolution
		Debug|Any CPU = Debug|Any CPU
		Release|Any CPU = Release|Any CPU
	EndGlobalSection
	GlobalSection(ProjectConfigurationPlatforms) = postSolution
		{576BFA9F-2EEA-4A1E-9DBA-8856F13B6556}.Debug|Any CPU.ActiveCfg = Debug|Any CPU
		{576BFA9F-2EEA-4A1E-9DBA-8856F13B6556}.Debug|Any CPU.Build.0 = Debug|Any CPU
		{576BFA9F-2EEA-4A1E-9DBA-8856F13B6556}.Release|Any CPU.ActiveCfg = Release|Any CPU
		{576BFA9F-2EEA-4A1E-9DBA-8856F13B6556}.Release|Any CPU.Build.0 = Release|Any CPU
	EndGlobalSection
	GlobalSection(SolutionProperties) = preSolution
		HideSolutionNode = FALSE
	EndGlobalSection
	GlobalSection(ExtensibilityGlobals) = postSolution
		SolutionGuid = {718C57A9-95D9-403E-B1AD-350A3DA45581}
	EndGlobalSection
EndGlobal
